{
  "nodes": {
    "aagl": {
      "inputs": {
        "flake-compat": "flake-compat",
        "nixpkgs": [
          "nixpkgs"
        ]
      },
      "locked": {
        "lastModified": 1744237139,
        "narHash": "sha256-f395cE+MIvKcRfRZubYXc7TJfJJ7edwpt7tYIFDgYQo=",
        "owner": "ezKEa",
        "repo": "aagl-gtk-on-nix",
        "rev": "a1a00f83d74988e98af8757e9b86ddf04d2ecdfc",
        "type": "github"
      },
      "original": {
        "owner": "ezKEa",
        "ref": "release-24.11",
        "repo": "aagl-gtk-on-nix",
        "type": "github"
      }
    },
    "flake-compat": {
      "flake": false,
      "locked": {
        "lastModified": 1733328505,
        "narHash": "sha256-NeCCThCEP3eCl2l/+27kNNK7QrwZB1IJCrXfrbv5oqU=",
        "owner": "edolstra",
        "repo": "flake-compat",
        "rev": "ff81ac966bb2cae68946d5ed5fc4994f96d0ffec",
        "type": "github"
      },
      "original": {
        "owner": "edolstra",
        "repo": "flake-compat",
        "type": "github"
      }
    },
    "nixpkgs": {
      "locked": {
        "lastModified": 1746055187,
        "narHash": "sha256-3dqArYSMP9hM7Qpy5YWhnSjiqniSaT2uc5h2Po7tmg0=",
        "owner": "NixOS",
        "repo": "nixpkgs",
        "rev": "3e362ce63e16b9572d8c2297c04f7c19ab6725a5",
        "type": "github"
      },
      "original": {
        "owner": "NixOS",
        "ref": "nixos-24.11",
        "repo": "nixpkgs",
        "type": "github"
      }
    },
    "quiba-pkgs": {
      "inputs": {
        "nixpkgs": [
          "nixpkgs"
        ]
      },
      "locked": {
        "lastModified": 1746150819,
        "narHash": "sha256-VewCqOkk1nThjp0vykheOk4WTGKUZq+RhdpHSVoYu+g=",
        "owner": "Jaquobia",
        "repo": "quibundles-nix",
        "rev": "f8821a448a78bb3318c853efc34fec6d29bec5ba",
        "type": "github"
      },
      "original": {
        "owner": "Jaquobia",
        "repo": "quibundles-nix",
        "type": "github"
      }
    },
    "root": {
      "inputs": {
        "aagl": "aagl",
        "nixpkgs": "nixpkgs",
        "quiba-pkgs": "quiba-pkgs",
        "unstable": "unstable"
      }
    },
    "unstable": {
      "locked": {
        "lastModified": 1746064326,
        "narHash": "sha256-r7IZkN9NhK/IO9/J6D9ih2P1OXb67nr5HaQ1YAte18w=",
        "owner": "NixOS",
        "repo": "nixpkgs",
        "rev": "91bf6dffa21c7709607c9fdbf9a6acb44e7a0a5d",
        "type": "github"
      },
      "original": {
        "owner": "NixOS",
        "ref": "nixos-unstable",
        "repo": "nixpkgs",
        "type": "github"
      }
    }
  },
  "root": "root",
  "version": 7
}
